
Microsoft Visual Studio Solution File, Format Version 12.00
# Visual Studio Version 17
VisualStudioVersion = 17.11.35219.272
MinimumVisualStudioVersion = 10.0.40219.1
Project("{FAE04EC0-301F-11D3-BF4B-00C04F79EFBC}") = "CentroMedico", "CentroMedico\CentroMedico.csproj", "{0FFE64B5-1E79-4A23-A23F-8C5A585479F9}"
EndProject
Global
	GlobalSection(SolutionConfigurationPlatforms) = preSolution
		Debug|Any CPU = Debug|Any CPU
		Release|Any CPU = Release|Any CPU
	EndGlobalSection
	GlobalSection(ProjectConfigurationPlatforms) = postSolution
		{0FFE64B5-1E79-4A23-A23F-8C5A585479F9}.Debug|Any CPU.ActiveCfg = Debug|Any CPU
		{0FFE64B5-1E79-4A23-A23F-8C5A585479F9}.Debug|Any CPU.Build.0 = Debug|Any CPU
		{0FFE64B5-1E79-4A23-A23F-8C5A585479F9}.Release|Any CPU.ActiveCfg = Release|Any CPU
		{0FFE64B5-1E79-4A23-A23F-8C5A585479F9}.Release|Any CPU.Build.0 = Release|Any CPU
	EndGlobalSection
	GlobalSection(SolutionProperties) = preSolution
		HideSolutionNode = FALSE
	EndGlobalSection
	GlobalSection(ExtensibilityGlobals) = postSolution
		SolutionGuid = {5E548D54-8EE6-4473-BDA9-FBFD8980E98C}
	EndGlobalSection
EndGlobal
